
Microsoft Visual Studio Solution File, Format Version 12.00
# Visual Studio 15
VisualStudioVersion = 15.0.26124.0
MinimumVisualStudioVersion = 15.0.26124.0
Project("{2150E333-8FDC-42A3-9474-1A3956D46DE8}") = "src", "src", "{5F5758D0-F333-4F81-87A6-DF20D4E10156}"
EndProject
Project("{FAE04EC0-301F-11D3-BF4B-00C04F79EFBC}") = "api", "src\api\api.csproj", "{AE2BA78F-3E39-4076-A6CC-B725D90C7488}"
EndProject
Project("{FAE04EC0-301F-11D3-BF4B-00C04F79EFBC}") = "api.tests", "src\api.tests\api.tests.csproj", "{EE138EEF-38FA-47DD-8E87-0E7FFE9542C0}"
EndProject
Global
	GlobalSection(SolutionConfigurationPlatforms) = preSolution
		Debug|Any CPU = Debug|Any CPU
		Debug|x64 = Debug|x64
		Debug|x86 = Debug|x86
		Release|Any CPU = Release|Any CPU
		Release|x64 = Release|x64
		Release|x86 = Release|x86
	EndGlobalSection
	GlobalSection(SolutionProperties) = preSolution
		HideSolutionNode = FALSE
	EndGlobalSection
	GlobalSection(ProjectConfigurationPlatforms) = postSolution
		{AE2BA78F-3E39-4076-A6CC-B725D90C7488}.Debug|Any CPU.ActiveCfg = Debug|Any CPU
		{AE2BA78F-3E39-4076-A6CC-B725D90C7488}.Debug|Any CPU.Build.0 = Debug|Any CPU
		{AE2BA78F-3E39-4076-A6CC-B725D90C7488}.Debug|x64.ActiveCfg = Debug|x64
		{AE2BA78F-3E39-4076-A6CC-B725D90C7488}.Debug|x64.Build.0 = Debug|x64
		{AE2BA78F-3E39-4076-A6CC-B725D90C7488}.Debug|x86.ActiveCfg = Debug|x86
		{AE2BA78F-3E39-4076-A6CC-B725D90C7488}.Debug|x86.Build.0 = Debug|x86
		{AE2BA78F-3E39-4076-A6CC-B725D90C7488}.Release|Any CPU.ActiveCfg = Release|Any CPU
		{AE2BA78F-3E39-4076-A6CC-B725D90C7488}.Release|Any CPU.Build.0 = Release|Any CPU
		{AE2BA78F-3E39-4076-A6CC-B725D90C7488}.Release|x64.ActiveCfg = Release|x64
		{AE2BA78F-3E39-4076-A6CC-B725D90C7488}.Release|x64.Build.0 = Release|x64
		{AE2BA78F-3E39-4076-A6CC-B725D90C7488}.Release|x86.ActiveCfg = Release|x86
		{AE2BA78F-3E39-4076-A6CC-B725D90C7488}.Release|x86.Build.0 = Release|x86
		{EE138EEF-38FA-47DD-8E87-0E7FFE9542C0}.Debug|Any CPU.ActiveCfg = Debug|Any CPU
		{EE138EEF-38FA-47DD-8E87-0E7FFE9542C0}.Debug|Any CPU.Build.0 = Debug|Any CPU
		{EE138EEF-38FA-47DD-8E87-0E7FFE9542C0}.Debug|x64.ActiveCfg = Debug|x64
		{EE138EEF-38FA-47DD-8E87-0E7FFE9542C0}.Debug|x64.Build.0 = Debug|x64
		{EE138EEF-38FA-47DD-8E87-0E7FFE9542C0}.Debug|x86.ActiveCfg = Debug|x86
		{EE138EEF-38FA-47DD-8E87-0E7FFE9542C0}.Debug|x86.Build.0 = Debug|x86
		{EE138EEF-38FA-47DD-8E87-0E7FFE9542C0}.Release|Any CPU.ActiveCfg = Release|Any CPU
		{EE138EEF-38FA-47DD-8E87-0E7FFE9542C0}.Release|Any CPU.Build.0 = Release|Any CPU
		{EE138EEF-38FA-47DD-8E87-0E7FFE9542C0}.Release|x64.ActiveCfg = Release|x64
		{EE138EEF-38FA-47DD-8E87-0E7FFE9542C0}.Release|x64.Build.0 = Release|x64
		{EE138EEF-38FA-47DD-8E87-0E7FFE9542C0}.Release|x86.ActiveCfg = Release|x86
		{EE138EEF-38FA-47DD-8E87-0E7FFE9542C0}.Release|x86.Build.0 = Release|x86
	EndGlobalSection
	GlobalSection(NestedProjects) = preSolution
		{AE2BA78F-3E39-4076-A6CC-B725D90C7488} = {5F5758D0-F333-4F81-87A6-DF20D4E10156}
		{EE138EEF-38FA-47DD-8E87-0E7FFE9542C0} = {5F5758D0-F333-4F81-87A6-DF20D4E10156}
	EndGlobalSection
EndGlobal
